{
  "originHash" : "07c481f78530633414abc9722c6a9555fee22b1ba5c0ecf5333023960a25940d",
  "pins" : [
    {
      "identity" : "zeticmlangeios",
      "kind" : "remoteSourceControl",
      "location" : "https://github.com/zetic-ai/ZeticMLangeiOS.git",
      "state" : {
        "revision" : "b835e91ab467914e3e3f7423e37d30f0658c7958",
        "version" : "1.9.0"
      }
    }
  ],
  "version" : 3
}
